
Microsoft Visual Studio Solution File, Format Version 12.00
# Visual Studio Version 17
VisualStudioVersion = 17.1.32328.378
MinimumVisualStudioVersion = 10.0.40219.1
Project("{9A19103F-16F7-4668-BE54-9A1E7A4F7556}") = "ShopHaXinh.WebApp", "ShopHaXinh\ShopHaXinh.WebApp.csproj", "{2E7662B2-56B9-43B7-BC12-66BF4B9CF9F4}"
EndProject
Project("{2150E333-8FDC-42A3-9474-1A3956D46DE8}") = "0. Solution Items", "0. Solution Items", "{AAA1A637-6212-4590-93D8-B45AB1FD969D}"
	ProjectSection(SolutionItems) = preProject
		README.md = README.md
	EndProjectSection
EndProject
Project("{2150E333-8FDC-42A3-9474-1A3956D46DE8}") = "1. Infrastucture", "1. Infrastucture", "{24FE9409-C27C-4863-ADB9-473F04AC4F5F}"
EndProject
Project("{2150E333-8FDC-42A3-9474-1A3956D46DE8}") = "2. Domain", "2. Domain", "{F587C314-DEC1-4E73-B1A6-2B3457DD7828}"
EndProject
Project("{2150E333-8FDC-42A3-9474-1A3956D46DE8}") = "3. Application", "3. Application", "{18F4E824-9D37-44CC-BDC2-B7B37CEDCF8F}"
EndProject
Project("{9A19103F-16F7-4668-BE54-9A1E7A4F7556}") = "ShopHaXinh.Utilities", "ShopHaXinh.Utilities\ShopHaXinh.Utilities.csproj", "{58993486-F710-464C-885F-9079AC60A548}"
EndProject
Project("{9A19103F-16F7-4668-BE54-9A1E7A4F7556}") = "ShopHaXinh.ViewModels", "ShopHaXinh.ViewModels\ShopHaXinh.ViewModels.csproj", "{64CD02E5-4109-47BE-B9B0-168389EF1F0A}"
EndProject
Project("{9A19103F-16F7-4668-BE54-9A1E7A4F7556}") = "ShopHaXinh.Application", "ShopHaXinh.Application\ShopHaXinh.Application.csproj", "{F77A3074-5A28-4FF3-BFD2-17164858FF5E}"
EndProject
Project("{9A19103F-16F7-4668-BE54-9A1E7A4F7556}") = "ShopHaXinh.Data", "ShopHaXinh.Data\ShopHaXinh.Data.csproj", "{4989DE0B-2385-4988-ABEC-6507897CDF1D}"
EndProject
Project("{9A19103F-16F7-4668-BE54-9A1E7A4F7556}") = "ShopHaXinh.Admin", "ShopHaXinh.Admin\ShopHaXinh.Admin.csproj", "{8D31572E-7957-47D0-B98A-DB39D73AF1B6}"
EndProject
Project("{9A19103F-16F7-4668-BE54-9A1E7A4F7556}") = "ShopHaXinh.BackendApi", "ShopHaXinh.BackendApi\ShopHaXinh.BackendApi.csproj", "{DA762A1F-DA96-4DDE-9BF9-EED12085E2A4}"
EndProject
Global
	GlobalSection(SolutionConfigurationPlatforms) = preSolution
		Debug|Any CPU = Debug|Any CPU
		Release|Any CPU = Release|Any CPU
	EndGlobalSection
	GlobalSection(ProjectConfigurationPlatforms) = postSolution
		{2E7662B2-56B9-43B7-BC12-66BF4B9CF9F4}.Debug|Any CPU.ActiveCfg = Debug|Any CPU
		{2E7662B2-56B9-43B7-BC12-66BF4B9CF9F4}.Debug|Any CPU.Build.0 = Debug|Any CPU
		{2E7662B2-56B9-43B7-BC12-66BF4B9CF9F4}.Release|Any CPU.ActiveCfg = Release|Any CPU
		{2E7662B2-56B9-43B7-BC12-66BF4B9CF9F4}.Release|Any CPU.Build.0 = Release|Any CPU
		{58993486-F710-464C-885F-9079AC60A548}.Debug|Any CPU.ActiveCfg = Debug|Any CPU
		{58993486-F710-464C-885F-9079AC60A548}.Debug|Any CPU.Build.0 = Debug|Any CPU
		{58993486-F710-464C-885F-9079AC60A548}.Release|Any CPU.ActiveCfg = Release|Any CPU
		{58993486-F710-464C-885F-9079AC60A548}.Release|Any CPU.Build.0 = Release|Any CPU
		{64CD02E5-4109-47BE-B9B0-168389EF1F0A}.Debug|Any CPU.ActiveCfg = Debug|Any CPU
		{64CD02E5-4109-47BE-B9B0-168389EF1F0A}.Debug|Any CPU.Build.0 = Debug|Any CPU
		{64CD02E5-4109-47BE-B9B0-168389EF1F0A}.Release|Any CPU.ActiveCfg = Release|Any CPU
		{64CD02E5-4109-47BE-B9B0-168389EF1F0A}.Release|Any CPU.Build.0 = Release|Any CPU
		{F77A3074-5A28-4FF3-BFD2-17164858FF5E}.Debug|Any CPU.ActiveCfg = Debug|Any CPU
		{F77A3074-5A28-4FF3-BFD2-17164858FF5E}.Debug|Any CPU.Build.0 = Debug|Any CPU
		{F77A3074-5A28-4FF3-BFD2-17164858FF5E}.Release|Any CPU.ActiveCfg = Release|Any CPU
		{F77A3074-5A28-4FF3-BFD2-17164858FF5E}.Release|Any CPU.Build.0 = Release|Any CPU
		{4989DE0B-2385-4988-ABEC-6507897CDF1D}.Debug|Any CPU.ActiveCfg = Debug|Any CPU
		{4989DE0B-2385-4988-ABEC-6507897CDF1D}.Debug|Any CPU.Build.0 = Debug|Any CPU
		{4989DE0B-2385-4988-ABEC-6507897CDF1D}.Release|Any CPU.ActiveCfg = Release|Any CPU
		{4989DE0B-2385-4988-ABEC-6507897CDF1D}.Release|Any CPU.Build.0 = Release|Any CPU
		{8D31572E-7957-47D0-B98A-DB39D73AF1B6}.Debug|Any CPU.ActiveCfg = Debug|Any CPU
		{8D31572E-7957-47D0-B98A-DB39D73AF1B6}.Debug|Any CPU.Build.0 = Debug|Any CPU
		{8D31572E-7957-47D0-B98A-DB39D73AF1B6}.Release|Any CPU.ActiveCfg = Release|Any CPU
		{8D31572E-7957-47D0-B98A-DB39D73AF1B6}.Release|Any CPU.Build.0 = Release|Any CPU
		{DA762A1F-DA96-4DDE-9BF9-EED12085E2A4}.Debug|Any CPU.ActiveCfg = Debug|Any CPU
		{DA762A1F-DA96-4DDE-9BF9-EED12085E2A4}.Debug|Any CPU.Build.0 = Debug|Any CPU
		{DA762A1F-DA96-4DDE-9BF9-EED12085E2A4}.Release|Any CPU.ActiveCfg = Release|Any CPU
		{DA762A1F-DA96-4DDE-9BF9-EED12085E2A4}.Release|Any CPU.Build.0 = Release|Any CPU
	EndGlobalSection
	GlobalSection(SolutionProperties) = preSolution
		HideSolutionNode = FALSE
	EndGlobalSection
	GlobalSection(NestedProjects) = preSolution
		{2E7662B2-56B9-43B7-BC12-66BF4B9CF9F4} = {18F4E824-9D37-44CC-BDC2-B7B37CEDCF8F}
		{58993486-F710-464C-885F-9079AC60A548} = {24FE9409-C27C-4863-ADB9-473F04AC4F5F}
		{64CD02E5-4109-47BE-B9B0-168389EF1F0A} = {24FE9409-C27C-4863-ADB9-473F04AC4F5F}
		{F77A3074-5A28-4FF3-BFD2-17164858FF5E} = {F587C314-DEC1-4E73-B1A6-2B3457DD7828}
		{4989DE0B-2385-4988-ABEC-6507897CDF1D} = {F587C314-DEC1-4E73-B1A6-2B3457DD7828}
		{8D31572E-7957-47D0-B98A-DB39D73AF1B6} = {18F4E824-9D37-44CC-BDC2-B7B37CEDCF8F}
		{DA762A1F-DA96-4DDE-9BF9-EED12085E2A4} = {18F4E824-9D37-44CC-BDC2-B7B37CEDCF8F}
	EndGlobalSection
	GlobalSection(ExtensibilityGlobals) = postSolution
		SolutionGuid = {ADE034F4-79DD-4820-98F7-17043F31672A}
	EndGlobalSection
EndGlobal
